
Microsoft Visual Studio Solution File, Format Version 12.00
# Visual Studio Version 17
VisualStudioVersion = 17.4.33110.190
MinimumVisualStudioVersion = 10.0.40219.1
Project("{FAE04EC0-301F-11D3-BF4B-00C04F79EFBC}") = "1_lab_3_sem", "1_lab_3_sem\1_lab_3_sem.csproj", "{0AEAFC13-C499-4D32-9DB1-D6659EE0B73C}"
EndProject
Global
	GlobalSection(SolutionConfigurationPlatforms) = preSolution
		Debug|Any CPU = Debug|Any CPU
		Release|Any CPU = Release|Any CPU
	EndGlobalSection
	GlobalSection(ProjectConfigurationPlatforms) = postSolution
		{0AEAFC13-C499-4D32-9DB1-D6659EE0B73C}.Debug|Any CPU.ActiveCfg = Debug|Any CPU
		{0AEAFC13-C499-4D32-9DB1-D6659EE0B73C}.Debug|Any CPU.Build.0 = Debug|Any CPU
		{0AEAFC13-C499-4D32-9DB1-D6659EE0B73C}.Release|Any CPU.ActiveCfg = Release|Any CPU
		{0AEAFC13-C499-4D32-9DB1-D6659EE0B73C}.Release|Any CPU.Build.0 = Release|Any CPU
	EndGlobalSection
	GlobalSection(SolutionProperties) = preSolution
		HideSolutionNode = FALSE
	EndGlobalSection
	GlobalSection(ExtensibilityGlobals) = postSolution
		SolutionGuid = {D95FC8DF-EDB7-4B75-B274-64B8346E998E}
	EndGlobalSection
EndGlobal
